
Microsoft Visual Studio Solution File, Format Version 12.00
# Visual Studio Version 17
VisualStudioVersion = 17.3.32819.101
MinimumVisualStudioVersion = 10.0.40219.1
Project("{8BC9CEB8-8B4A-11D0-8D11-00A0C91BC942}") = "no idea", "no idea\no idea.vcxproj", "{E6327686-ACCD-433D-837C-5F619B645EBB}"
EndProject
Project("{8BC9CEB8-8B4A-11D0-8D11-00A0C91BC942}") = "Dll1", "Dll1\Dll1.vcxproj", "{5449E603-A698-4509-99E1-15C8DFCF46EB}"
EndProject
Global
	GlobalSection(SolutionConfigurationPlatforms) = preSolution
		Debug|x64 = Debug|x64
		Debug|x86 = Debug|x86
		Release|x64 = Release|x64
		Release|x86 = Release|x86
	EndGlobalSection
	GlobalSection(ProjectConfigurationPlatforms) = postSolution
		{E6327686-ACCD-433D-837C-5F619B645EBB}.Debug|x64.ActiveCfg = Debug|x64
		{E6327686-ACCD-433D-837C-5F619B645EBB}.Debug|x64.Build.0 = Debug|x64
		{E6327686-ACCD-433D-837C-5F619B645EBB}.Debug|x86.ActiveCfg = Debug|Win32
		{E6327686-ACCD-433D-837C-5F619B645EBB}.Debug|x86.Build.0 = Debug|Win32
		{E6327686-ACCD-433D-837C-5F619B645EBB}.Release|x64.ActiveCfg = Release|x64
		{E6327686-ACCD-433D-837C-5F619B645EBB}.Release|x64.Build.0 = Release|x64
		{E6327686-ACCD-433D-837C-5F619B645EBB}.Release|x86.ActiveCfg = Release|Win32
		{E6327686-ACCD-433D-837C-5F619B645EBB}.Release|x86.Build.0 = Release|Win32
		{5449E603-A698-4509-99E1-15C8DFCF46EB}.Debug|x64.ActiveCfg = Debug|x64
		{5449E603-A698-4509-99E1-15C8DFCF46EB}.Debug|x64.Build.0 = Debug|x64
		{5449E603-A698-4509-99E1-15C8DFCF46EB}.Debug|x86.ActiveCfg = Debug|Win32
		{5449E603-A698-4509-99E1-15C8DFCF46EB}.Debug|x86.Build.0 = Debug|Win32
		{5449E603-A698-4509-99E1-15C8DFCF46EB}.Release|x64.ActiveCfg = Release|x64
		{5449E603-A698-4509-99E1-15C8DFCF46EB}.Release|x64.Build.0 = Release|x64
		{5449E603-A698-4509-99E1-15C8DFCF46EB}.Release|x86.ActiveCfg = Release|Win32
		{5449E603-A698-4509-99E1-15C8DFCF46EB}.Release|x86.Build.0 = Release|Win32
	EndGlobalSection
	GlobalSection(SolutionProperties) = preSolution
		HideSolutionNode = FALSE
	EndGlobalSection
	GlobalSection(ExtensibilityGlobals) = postSolution
		SolutionGuid = {2594CC6B-BDD4-4519-A2B5-F5017FE1B3EA}
	EndGlobalSection
EndGlobal
